{
  "originHash" : "8aba9d8351b17fb2026791341e0cd0afb74bec077f735fe0e6abbf209abbd81e",
  "pins" : [
    {
      "identity" : "alloy",
      "kind" : "remoteSourceControl",
      "location" : "https://github.com/triad7th/Alloy.git",
      "state" : {
        "revision" : "aa17daf74f814398c4ed2e324dbf4bd99398e046",
        "version" : "0.3.1"
      }
    }
  ],
  "version" : 3
}
