{
  "originHash" : "9a74c585ef6970ed9b7fcbfd2293be65c554f34381be878121ff5d736aea6abb",
  "pins" : [
    {
      "identity" : "alloy",
      "kind" : "remoteSourceControl",
      "location" : "https://github.com/triad7th/Alloy.git",
      "state" : {
        "revision" : "1c1479863fc0d24d2d84d6119ebd96545527b4cb",
        "version" : "0.6.0"
      }
    }
  ],
  "version" : 3
}
